// !$*UTF8*$!
{
	archiveVersion = 1;
	classes = {
	};
	objectVersion = 56;
	objects = {

/* Begin PBXBuildFile section */
		8FD99C4C298D1D7C009D4237 /* AppDelegate.swift in Sources */ = {isa = PBXBuildFile; fileRef = 8FD99C4B298D1D7C009D4237 /* AppDelegate.swift */; };
		8FD99C4E298D1D7C009D4237 /* SceneDelegate.swift in Sources */ = {isa = PBXBuildFile; fileRef = 8FD99C4D298D1D7C009D4237 /* SceneDelegate.swift */; };
		8FD99C50298D1D7C009D4237 /* ViewController.swift in Sources */ = {isa = PBXBuildFile; fileRef = 8FD99C4F298D1D7C009D4237 /* ViewController.swift */; };
		8FD99C53298D1D7C009D4237 /* Main.storyboard in Resources */ = {isa = PBXBuildFile; fileRef = 8FD99C51298D1D7C009D4237 /* Main.storyboard */; };
		8FD99C55298D1D7E009D4237 /* Assets.xcassets in Resources */ = {isa = PBXBuildFile; fileRef = 8FD99C54298D1D7E009D4237 /* Assets.xcassets */; };
		8FD99C58298D1D7E009D4237 /* LaunchScreen.storyboard in Resources */ = {isa = PBXBuildFile; fileRef = 8FD99C56298D1D7E009D4237 /* LaunchScreen.storyboard */; };
		8FD99C61298D1E3A009D4237 /* Realm in Frameworks */ = {isa = PBXBuildFile; productRef = 8FD99C60298D1E3A009D4237 /* Realm */; };
		8FD99C63298D1E3A009D4237 /* RealmSwift in Frameworks */ = {isa = PBXBuildFile; productRef = 8FD99C62298D1E3A009D4237 /* RealmSwift */; };
		8FD99C66298D1E8F009D4237 /* Alamofire in Frameworks */ = {isa = PBXBuildFile; productRef = 8FD99C65298D1E8F009D4237 /* Alamofire */; };
		8FD99C6D298D20A4009D4237 /* RequestManager.swift in Sources */ = {isa = PBXBuildFile; fileRef = 8FD99C6C298D20A4009D4237 /* RequestManager.swift */; };
		8FD99C6F298D22BF009D4237 /* Weather.swift in Sources */ = {isa = PBXBuildFile; fileRef = 8FD99C6E298D22BF009D4237 /* Weather.swift */; };
/* End PBXBuildFile section */

/* Begin PBXFileReference section */
		8FD99C48298D1D7C009D4237 /* HomeworkL9.app */ = {isa = PBXFileReference; explicitFileType = wrapper.application; includeInIndex = 0; path = HomeworkL9.app; sourceTree = BUILT_PRODUCTS_DIR; };
		8FD99C4B298D1D7C009D4237 /* AppDelegate.swift */ = {isa = PBXFileReference; lastKnownFileType = sourcecode.swift; path = AppDelegate.swift; sourceTree = "<group>"; };
		8FD99C4D298D1D7C009D4237 /* SceneDelegate.swift */ = {isa = PBXFileReference; lastKnownFileType = sourcecode.swift; path = SceneDelegate.swift; sourceTree = "<group>"; };
		8FD99C4F298D1D7C009D4237 /* ViewController.swift */ = {isa = PBXFileReference; lastKnownFileType = sourcecode.swift; path = ViewController.swift; sourceTree = "<group>"; };
		8FD99C52298D1D7C009D4237 /* Base */ = {isa = PBXFileReference; lastKnownFileType = file.storyboard; name = Base; path = Base.lproj/Main.storyboard; sourceTree = "<group>"; };
		8FD99C54298D1D7E009D4237 /* Assets.xcassets */ = {isa = PBXFileReference; lastKnownFileType = folder.assetcatalog; path = Assets.xcassets; sourceTree = "<group>"; };
		8FD99C57298D1D7E009D4237 /* Base */ = {isa = PBXFileReference; lastKnownFileType = file.storyboard; name = Base; path = Base.lproj/LaunchScreen.storyboard; sourceTree = "<group>"; };
		8FD99C59298D1D7E009D4237 /* Info.plist */ = {isa = PBXFileReference; lastKnownFileType = text.plist.xml; path = Info.plist; sourceTree = "<group>"; };
		8FD99C6C298D20A4009D4237 /* RequestManager.swift */ = {isa = PBXFileReference; lastKnownFileType = sourcecode.swift; path = RequestManager.swift; sourceTree = "<group>"; };
		8FD99C6E298D22BF009D4237 /* Weather.swift */ = {isa = PBXFileReference; lastKnownFileType = sourcecode.swift; path = Weather.swift; sourceTree = "<group>"; };
/* End PBXFileReference section */

/* Begin PBXFrameworksBuildPhase section */
		8FD99C45298D1D7C009D4237 /* Frameworks */ = {
			isa = PBXFrameworksBuildPhase;
			buildActionMask = 2147483647;
			files = (
				8FD99C66298D1E8F009D4237 /* Alamofire in Frameworks */,
				8FD99C63298D1E3A009D4237 /* RealmSwift in Frameworks */,
				8FD99C61298D1E3A009D4237 /* Realm in Frameworks */,
			);
			runOnlyForDeploymentPostprocessing = 0;
		};
/* End PBXFrameworksBuildPhase section */

/* Begin PBXGroup section */
		8FD99C3F298D1D7C009D4237 = {
			isa = PBXGroup;
			children = (
				8FD99C4A298D1D7C009D4237 /* HomeworkL9 */,
				8FD99C49298D1D7C009D4237 /* Products */,
			);
			sourceTree = "<group>";
		};
		8FD99C49298D1D7C009D4237 /* Products */ = {
			isa = PBXGroup;
			children = (
				8FD99C48298D1D7C009D4237 /* HomeworkL9.app */,
			);
			name = Products;
			sourceTree = "<group>";
		};
		8FD99C4A298D1D7C009D4237 /* HomeworkL9 */ = {
			isa = PBXGroup;
			children = (
				8FD99C6B298D2080009D4237 /* Managers */,
				8FD99C6A298D2071009D4237 /* Model */,
				8FD99C68298D205D009D4237 /* ViewControllers */,
				8FD99C67298D2044009D4237 /* Views */,
				8FD99C4B298D1D7C009D4237 /* AppDelegate.swift */,
				8FD99C4D298D1D7C009D4237 /* SceneDelegate.swift */,
				8FD99C4F298D1D7C009D4237 /* ViewController.swift */,
				8FD99C51298D1D7C009D4237 /* Main.storyboard */,
				8FD99C54298D1D7E009D4237 /* Assets.xcassets */,
				8FD99C56298D1D7E009D4237 /* LaunchScreen.storyboard */,
				8FD99C59298D1D7E009D4237 /* Info.plist */,
			);
			path = HomeworkL9;
			sourceTree = "<group>";
		};
		8FD99C67298D2044009D4237 /* Views */ = {
			isa = PBXGroup;
			children = (
			);
			path = Views;
			sourceTree = "<group>";
		};
		8FD99C68298D205D009D4237 /* ViewControllers */ = {
			isa = PBXGroup;
			children = (
			);
			path = ViewControllers;
			sourceTree = "<group>";
		};
		8FD99C6A298D2071009D4237 /* Model */ = {
			isa = PBXGroup;
			children = (
				8FD99C6E298D22BF009D4237 /* Weather.swift */,
			);
			path = Model;
			sourceTree = "<group>";
		};
		8FD99C6B298D2080009D4237 /* Managers */ = {
			isa = PBXGroup;
			children = (
				8FD99C6C298D20A4009D4237 /* RequestManager.swift */,
			);
			path = Managers;
			sourceTree = "<group>";
		};
/* End PBXGroup section */

/* Begin PBXNativeTarget section */
		8FD99C47298D1D7C009D4237 /* HomeworkL9 */ = {
			isa = PBXNativeTarget;
			buildConfigurationList = 8FD99C5C298D1D7E009D4237 /* Build configuration list for PBXNativeTarget "HomeworkL9" */;
			buildPhases = (
				8FD99C44298D1D7C009D4237 /* Sources */,
				8FD99C45298D1D7C009D4237 /* Frameworks */,
				8FD99C46298D1D7C009D4237 /* Resources */,
			);
			buildRules = (
			);
			dependencies = (
			);
			name = HomeworkL9;
			packageProductDependencies = (
				8FD99C60298D1E3A009D4237 /* Realm */,
				8FD99C62298D1E3A009D4237 /* RealmSwift */,
				8FD99C65298D1E8F009D4237 /* Alamofire */,
			);
			productName = HomeworkL9;
			productReference = 8FD99C48298D1D7C009D4237 /* HomeworkL9.app */;
			productType = "com.apple.product-type.application";
		};
/* End PBXNativeTarget section */

/* Begin PBXProject section */
		8FD99C40298D1D7C009D4237 /* Project object */ = {
			isa = PBXProject;
			attributes = {
				BuildIndependentTargetsInParallel = 1;
				LastSwiftUpdateCheck = 1420;
				LastUpgradeCheck = 1420;
				TargetAttributes = {
					8FD99C47298D1D7C009D4237 = {
						CreatedOnToolsVersion = 14.2;
					};
				};
			};
			buildConfigurationList = 8FD99C43298D1D7C009D4237 /* Build configuration list for PBXProject "HomeworkL9" */;
			compatibilityVersion = "Xcode 14.0";
			developmentRegion = en;
			hasScannedForEncodings = 0;
			knownRegions = (
				en,
				Base,
			);
			mainGroup = 8FD99C3F298D1D7C009D4237;
			packageReferences = (
				8FD99C5F298D1E3A009D4237 /* XCRemoteSwiftPackageReference "realm-swift" */,
				8FD99C64298D1E8F009D4237 /* XCRemoteSwiftPackageReference "Alamofire" */,
			);
			productRefGroup = 8FD99C49298D1D7C009D4237 /* Products */;
			projectDirPath = "";
			projectRoot = "";
			targets = (
				8FD99C47298D1D7C009D4237 /* HomeworkL9 */,
			);
		};
/* End PBXProject section */

/* Begin PBXResourcesBuildPhase section */
		8FD99C46298D1D7C009D4237 /* Resources */ = {
			isa = PBXResourcesBuildPhase;
			buildActionMask = 2147483647;
			files = (
				8FD99C58298D1D7E009D4237 /* LaunchScreen.storyboard in Resources */,
				8FD99C55298D1D7E009D4237 /* Assets.xcassets in Resources */,
				8FD99C53298D1D7C009D4237 /* Main.storyboard in Resources */,
			);
			runOnlyForDeploymentPostprocessing = 0;
		};
/* End PBXResourcesBuildPhase section */

/* Begin PBXSourcesBuildPhase section */
		8FD99C44298D1D7C009D4237 /* Sources */ = {
			isa = PBXSourcesBuildPhase;
			buildActionMask = 2147483647;
			files = (
				8FD99C50298D1D7C009D4237 /* ViewController.swift in Sources */,
				8FD99C4C298D1D7C009D4237 /* AppDelegate.swift in Sources */,
				8FD99C4E298D1D7C009D4237 /* SceneDelegate.swift in Sources */,
				8FD99C6D298D20A4009D4237 /* RequestManager.swift in Sources */,
				8FD99C6F298D22BF009D4237 /* Weather.swift in Sources */,
			);
			runOnlyForDeploymentPostprocessing = 0;
		};
/* End PBXSourcesBuildPhase section */

/* Begin PBXVariantGroup section */
		8FD99C51298D1D7C009D4237 /* Main.storyboard */ = {
			isa = PBXVariantGroup;
			children = (
				8FD99C52298D1D7C009D4237 /* Base */,
			);
			name = Main.storyboard;
			sourceTree = "<group>";
		};
		8FD99C56298D1D7E009D4237 /* LaunchScreen.storyboard */ = {
			isa = PBXVariantGroup;
			children = (
				8FD99C57298D1D7E009D4237 /* Base */,
			);
			name = LaunchScreen.storyboard;
			sourceTree = "<group>";
		};
/* End PBXVariantGroup section */

/* Begin XCBuildConfiguration section */
		8FD99C5A298D1D7E009D4237 /* Debug */ = {
			isa = XCBuildConfiguration;
			buildSettings = {
				ALWAYS_SEARCH_USER_PATHS = NO;
				CLANG_ANALYZER_NONNULL = YES;
				CLANG_ANALYZER_NUMBER_OBJECT_CONVERSION = YES_AGGRESSIVE;
				CLANG_CXX_LANGUAGE_STANDARD = "gnu++20";
				CLANG_ENABLE_MODULES = YES;
				CLANG_ENABLE_OBJC_ARC = YES;
				CLANG_ENABLE_OBJC_WEAK = YES;
				CLANG_WARN_BLOCK_CAPTURE_AUTORELEASING = YES;
				CLANG_WARN_BOOL_CONVERSION = YES;
				CLANG_WARN_COMMA = YES;
				CLANG_WARN_CONSTANT_CONVERSION = YES;
				CLANG_WARN_DEPRECATED_OBJC_IMPLEMENTATIONS = YES;
				CLANG_WARN_DIRECT_OBJC_ISA_USAGE = YES_ERROR;
				CLANG_WARN_DOCUMENTATION_COMMENTS = YES;
				CLANG_WARN_EMPTY_BODY = YES;
				CLANG_WARN_ENUM_CONVERSION = YES;
				CLANG_WARN_INFINITE_RECURSION = YES;
				CLANG_WARN_INT_CONVERSION = YES;
				CLANG_WARN_NON_LITERAL_NULL_CONVERSION = YES;
				CLANG_WARN_OBJC_IMPLICIT_RETAIN_SELF = YES;
				CLANG_WARN_OBJC_LITERAL_CONVERSION = YES;
				CLANG_WARN_OBJC_ROOT_CLASS = YES_ERROR;
				CLANG_WARN_QUOTED_INCLUDE_IN_FRAMEWORK_HEADER = YES;
				CLANG_WARN_RANGE_LOOP_ANALYSIS = YES;
				CLANG_WARN_STRICT_PROTOTYPES = YES;
				CLANG_WARN_SUSPICIOUS_MOVE = YES;
				CLANG_WARN_UNGUARDED_AVAILABILITY = YES_AGGRESSIVE;
				CLANG_WARN_UNREACHABLE_CODE = YES;
				CLANG_WARN__DUPLICATE_METHOD_MATCH = YES;
				COPY_PHASE_STRIP = NO;
				DEBUG_INFORMATION_FORMAT = dwarf;
				ENABLE_STRICT_OBJC_MSGSEND = YES;
				ENABLE_TESTABILITY = YES;
				GCC_C_LANGUAGE_STANDARD = gnu11;
				GCC_DYNAMIC_NO_PIC = NO;
				GCC_NO_COMMON_BLOCKS = YES;
				GCC_OPTIMIZATION_LEVEL = 0;
				GCC_PREPROCESSOR_DEFINITIONS = (
					"DEBUG=1",
					"$(inherited)",
				);
				GCC_WARN_64_TO_32_BIT_CONVERSION = YES;
				GCC_WARN_ABOUT_RETURN_TYPE = YES_ERROR;
				GCC_WARN_UNDECLARED_SELECTOR = YES;
				GCC_WARN_UNINITIALIZED_AUTOS = YES_AGGRESSIVE;
				GCC_WARN_UNUSED_FUNCTION = YES;
				GCC_WARN_UNUSED_VARIABLE = YES;
				IPHONEOS_DEPLOYMENT_TARGET = 16.2;
				MTL_ENABLE_DEBUG_INFO = INCLUDE_SOURCE;
				MTL_FAST_MATH = YES;
				ONLY_ACTIVE_ARCH = YES;
				SDKROOT = iphoneos;
				SWIFT_ACTIVE_COMPILATION_CONDITIONS = DEBUG;
				SWIFT_OPTIMIZATION_LEVEL = "-Onone";
			};
			name = Debug;
		};
		8FD99C5B298D1D7E009D4237 /* Release */ = {
			isa = XCBuildConfiguration;
			buildSettings = {
				ALWAYS_SEARCH_USER_PATHS = NO;
				CLANG_ANALYZER_NONNULL = YES;
				CLANG_ANALYZER_NUMBER_OBJECT_CONVERSION = YES_AGGRESSIVE;
				CLANG_CXX_LANGUAGE_STANDARD = "gnu++20";
				CLANG_ENABLE_MODULES = YES;
				CLANG_ENABLE_OBJC_ARC = YES;
				CLANG_ENABLE_OBJC_WEAK = YES;
				CLANG_WARN_BLOCK_CAPTURE_AUTORELEASING = YES;
				CLANG_WARN_BOOL_CONVERSION = YES;
				CLANG_WARN_COMMA = YES;
				CLANG_WARN_CONSTANT_CONVERSION = YES;
				CLANG_WARN_DEPRECATED_OBJC_IMPLEMENTATIONS = YES;
				CLANG_WARN_DIRECT_OBJC_ISA_USAGE = YES_ERROR;
				CLANG_WARN_DOCUMENTATION_COMMENTS = YES;
				CLANG_WARN_EMPTY_BODY = YES;
				CLANG_WARN_ENUM_CONVERSION = YES;
				CLANG_WARN_INFINITE_RECURSION = YES;
				CLANG_WARN_INT_CONVERSION = YES;
				CLANG_WARN_NON_LITERAL_NULL_CONVERSION = YES;
				CLANG_WARN_OBJC_IMPLICIT_RETAIN_SELF = YES;
				CLANG_WARN_OBJC_LITERAL_CONVERSION = YES;
				CLANG_WARN_OBJC_ROOT_CLASS = YES_ERROR;
				CLANG_WARN_QUOTED_INCLUDE_IN_FRAMEWORK_HEADER = YES;
				CLANG_WARN_RANGE_LOOP_ANALYSIS = YES;
				CLANG_WARN_STRICT_PROTOTYPES = YES;
				CLANG_WARN_SUSPICIOUS_MOVE = YES;
				CLANG_WARN_UNGUARDED_AVAILABILITY = YES_AGGRESSIVE;
				CLANG_WARN_UNREACHABLE_CODE = YES;
				CLANG_WARN__DUPLICATE_METHOD_MATCH = YES;
				COPY_PHASE_STRIP = NO;
				DEBUG_INFORMATION_FORMAT = "dwarf-with-dsym";
				ENABLE_NS_ASSERTIONS = NO;
				ENABLE_STRICT_OBJC_MSGSEND = YES;
				GCC_C_LANGUAGE_STANDARD = gnu11;
				GCC_NO_COMMON_BLOCKS = YES;
				GCC_WARN_64_TO_32_BIT_CONVERSION = YES;
				GCC_WARN_ABOUT_RETURN_TYPE = YES_ERROR;
				GCC_WARN_UNDECLARED_SELECTOR = YES;
				GCC_WARN_UNINITIALIZED_AUTOS = YES_AGGRESSIVE;
				GCC_WARN_UNUSED_FUNCTION = YES;
				GCC_WARN_UNUSED_VARIABLE = YES;
				IPHONEOS_DEPLOYMENT_TARGET = 16.2;
				MTL_ENABLE_DEBUG_INFO = NO;
				MTL_FAST_MATH = YES;
				SDKROOT = iphoneos;
				SWIFT_COMPILATION_MODE = wholemodule;
				SWIFT_OPTIMIZATION_LEVEL = "-O";
				VALIDATE_PRODUCT = YES;
			};
			name = Release;
		};
		8FD99C5D298D1D7E009D4237 /* Debug */ = {
			isa = XCBuildConfiguration;
			buildSettings = {
				ASSETCATALOG_COMPILER_APPICON_NAME = AppIcon;
				ASSETCATALOG_COMPILER_GLOBAL_ACCENT_COLOR_NAME = AccentColor;
				CODE_SIGN_STYLE = Automatic;
				CURRENT_PROJECT_VERSION = 1;
				DEVELOPMENT_TEAM = 8K7X4B2673;
				GENERATE_INFOPLIST_FILE = YES;
				INFOPLIST_FILE = HomeworkL9/Info.plist;
				INFOPLIST_KEY_UIApplicationSupportsIndirectInputEvents = YES;
				INFOPLIST_KEY_UILaunchStoryboardName = LaunchScreen;
				INFOPLIST_KEY_UIMainStoryboardFile = Main;
				INFOPLIST_KEY_UISupportedInterfaceOrientations_iPad = "UIInterfaceOrientationPortrait UIInterfaceOrientationPortraitUpsideDown UIInterfaceOrientationLandscapeLeft UIInterfaceOrientationLandscapeRight";
				INFOPLIST_KEY_UISupportedInterfaceOrientations_iPhone = "UIInterfaceOrientationPortrait UIInterfaceOrientationLandscapeLeft UIInterfaceOrientationLandscapeRight";
				LD_RUNPATH_SEARCH_PATHS = (
					"$(inherited)",
					"@executable_path/Frameworks",
				);
				MARKETING_VERSION = 1.0;
				PRODUCT_BUNDLE_IDENTIFIER = test.HomeworkL9;
				PRODUCT_NAME = "$(TARGET_NAME)";
				SWIFT_EMIT_LOC_STRINGS = YES;
				SWIFT_VERSION = 5.0;
				TARGETED_DEVICE_FAMILY = "1,2";
			};
			name = Debug;
		};
		8FD99C5E298D1D7E009D4237 /* Release */ = {
			isa = XCBuildConfiguration;
			buildSettings = {
				ASSETCATALOG_COMPILER_APPICON_NAME = AppIcon;
				ASSETCATALOG_COMPILER_GLOBAL_ACCENT_COLOR_NAME = AccentColor;
				CODE_SIGN_STYLE = Automatic;
				CURRENT_PROJECT_VERSION = 1;
				DEVELOPMENT_TEAM = 8K7X4B2673;
				GENERATE_INFOPLIST_FILE = YES;
				INFOPLIST_FILE = HomeworkL9/Info.plist;
				INFOPLIST_KEY_UIApplicationSupportsIndirectInputEvents = YES;
				INFOPLIST_KEY_UILaunchStoryboardName = LaunchScreen;
				INFOPLIST_KEY_UIMainStoryboardFile = Main;
				INFOPLIST_KEY_UISupportedInterfaceOrientations_iPad = "UIInterfaceOrientationPortrait UIInterfaceOrientationPortraitUpsideDown UIInterfaceOrientationLandscapeLeft UIInterfaceOrientationLandscapeRight";
				INFOPLIST_KEY_UISupportedInterfaceOrientations_iPhone = "UIInterfaceOrientationPortrait UIInterfaceOrientationLandscapeLeft UIInterfaceOrientationLandscapeRight";
				LD_RUNPATH_SEARCH_PATHS = (
					"$(inherited)",
					"@executable_path/Frameworks",
				);
				MARKETING_VERSION = 1.0;
				PRODUCT_BUNDLE_IDENTIFIER = test.HomeworkL9;
				PRODUCT_NAME = "$(TARGET_NAME)";
				SWIFT_EMIT_LOC_STRINGS = YES;
				SWIFT_VERSION = 5.0;
				TARGETED_DEVICE_FAMILY = "1,2";
			};
			name = Release;
		};
/* End XCBuildConfiguration section */

/* Begin XCConfigurationList section */
		8FD99C43298D1D7C009D4237 /* Build configuration list for PBXProject "HomeworkL9" */ = {
			isa = XCConfigurationList;
			buildConfigurations = (
				8FD99C5A298D1D7E009D4237 /* Debug */,
				8FD99C5B298D1D7E009D4237 /* Release */,
			);
			defaultConfigurationIsVisible = 0;
			defaultConfigurationName = Release;
		};
		8FD99C5C298D1D7E009D4237 /* Build configuration list for PBXNativeTarget "HomeworkL9" */ = {
			isa = XCConfigurationList;
			buildConfigurations = (
				8FD99C5D298D1D7E009D4237 /* Debug */,
				8FD99C5E298D1D7E009D4237 /* Release */,
			);
			defaultConfigurationIsVisible = 0;
			defaultConfigurationName = Release;
		};
/* End XCConfigurationList section */

/* Begin XCRemoteSwiftPackageReference section */
		8FD99C5F298D1E3A009D4237 /* XCRemoteSwiftPackageReference "realm-swift" */ = {
			isa = XCRemoteSwiftPackageReference;
			repositoryURL = "https://github.com/realm/realm-swift";
			requirement = {
				kind = upToNextMajorVersion;
				minimumVersion = 10.0.0;
			};
		};
		8FD99C64298D1E8F009D4237 /* XCRemoteSwiftPackageReference "Alamofire" */ = {
			isa = XCRemoteSwiftPackageReference;
			repositoryURL = "https://github.com/Alamofire/Alamofire";
			requirement = {
				kind = upToNextMajorVersion;
				minimumVersion = 5.0.0;
			};
		};
/* End XCRemoteSwiftPackageReference section */

/* Begin XCSwiftPackageProductDependency section */
		8FD99C60298D1E3A009D4237 /* Realm */ = {
			isa = XCSwiftPackageProductDependency;
			package = 8FD99C5F298D1E3A009D4237 /* XCRemoteSwiftPackageReference "realm-swift" */;
			productName = Realm;
		};
		8FD99C62298D1E3A009D4237 /* RealmSwift */ = {
			isa = XCSwiftPackageProductDependency;
			package = 8FD99C5F298D1E3A009D4237 /* XCRemoteSwiftPackageReference "realm-swift" */;
			productName = RealmSwift;
		};
		8FD99C65298D1E8F009D4237 /* Alamofire */ = {
			isa = XCSwiftPackageProductDependency;
			package = 8FD99C64298D1E8F009D4237 /* XCRemoteSwiftPackageReference "Alamofire" */;
			productName = Alamofire;
		};
/* End XCSwiftPackageProductDependency section */
	};
	rootObject = 8FD99C40298D1D7C009D4237 /* Project object */;
}
